PODS:
  - Alamofire (3.4.0)
  - Kingfisher (2.4.1)
  - RxCocoa (2.5.0):
    - RxSwift (~> 2.5)
  - RxSwift (2.5.0)
  - SnapKit (0.21.0)
  - SVProgressHUD (2.0.3)
  - YYKit (1.0.5):
    - YYKit/no-arc (= 1.0.5)
  - YYKit/no-arc (1.0.5)

DEPENDENCIES:
  - Alamofire
  - Kingfisher
  - RxCocoa
  - RxSwift
  - SnapKit
  - SVProgressHUD
  - YYKit

SPEC CHECKSUMS:
  Alamofire: c19a627cefd6a95f840401c49ab1f124e07f54ee
  Kingfisher: 41aed5b6c1ed8fa98cf6d75283ce89cf7890f517
  RxCocoa: e1b1562e57a554d0fb2aabf9d71b637f177257c7
  RxSwift: 402b41a50e922a0368fc14cb3bc9f4427920e8ae
  SnapKit: 2756fe24b706367af224c9c508d2f9166d03354c
  SVProgressHUD: b0830714205bea1317ea1a2ebc71e5633af334d4
  YYKit: f2654fe525de2283648db957bddb37ddd8e06549

PODFILE CHECKSUM: c74319d6589c97621ff7ccfe2e27e96b073e7aad

COCOAPODS: 1.0.0
