// !$*UTF8*$!
{
	archiveVersion = 1;
	classes = {
	};
	objectVersion = 46;
	objects = {

/* Begin PBXBuildFile section */
		76BFE23C1CEB4078006438FB /* TestViewController.swift in Sources */ = {isa = PBXBuildFile; fileRef = 76BFE23B1CEB4078006438FB /* TestViewController.swift */; };
		76C918311CE5C723001173B0 /* AppDelegate.swift in Sources */ = {isa = PBXBuildFile; fileRef = 76C918301CE5C723001173B0 /* AppDelegate.swift */; };
		76C918381CE5C723001173B0 /* Assets.xcassets in Resources */ = {isa = PBXBuildFile; fileRef = 76C918371CE5C723001173B0 /* Assets.xcassets */; };
		76C9183B1CE5C723001173B0 /* LaunchScreen.storyboard in Resources */ = {isa = PBXBuildFile; fileRef = 76C918391CE5C723001173B0 /* LaunchScreen.storyboard */; };
		76C918461CE5C723001173B0 /* VOneTests.swift in Sources */ = {isa = PBXBuildFile; fileRef = 76C918451CE5C723001173B0 /* VOneTests.swift */; };
		76C918511CE5C723001173B0 /* VOneUITests.swift in Sources */ = {isa = PBXBuildFile; fileRef = 76C918501CE5C723001173B0 /* VOneUITests.swift */; };
		D984972FB34E03ED0C2C9AD7 /* Pods_VOne.framework in Frameworks */ = {isa = PBXBuildFile; fileRef = 625BBFFB24247070C3FD70DD /* Pods_VOne.framework */; settings = {ATTRIBUTES = (Required, ); }; };
/* End PBXBuildFile section */

/* Begin PBXContainerItemProxy section */
		76C918421CE5C723001173B0 /* PBXContainerItemProxy */ = {
			isa = PBXContainerItemProxy;
			containerPortal = 76C918251CE5C723001173B0 /* Project object */;
			proxyType = 1;
			remoteGlobalIDString = 76C9182C1CE5C723001173B0;
			remoteInfo = VOne;
		};
		76C9184D1CE5C723001173B0 /* PBXContainerItemProxy */ = {
			isa = PBXContainerItemProxy;
			containerPortal = 76C918251CE5C723001173B0 /* Project object */;
			proxyType = 1;
			remoteGlobalIDString = 76C9182C1CE5C723001173B0;
			remoteInfo = VOne;
		};
/* End PBXContainerItemProxy section */

/* Begin PBXFileReference section */
		2984149B5E721C407EB266B4 /* Pods-VOne.debug.xcconfig */ = {isa = PBXFileReference; includeInIndex = 1; lastKnownFileType = text.xcconfig; name = "Pods-VOne.debug.xcconfig"; path = "Pods/Target Support Files/Pods-VOne/Pods-VOne.debug.xcconfig"; sourceTree = "<group>"; };
		625BBFFB24247070C3FD70DD /* Pods_VOne.framework */ = {isa = PBXFileReference; explicitFileType = wrapper.framework; includeInIndex = 0; path = Pods_VOne.framework; sourceTree = BUILT_PRODUCTS_DIR; };
		76BFE23B1CEB4078006438FB /* TestViewController.swift */ = {isa = PBXFileReference; fileEncoding = 4; lastKnownFileType = sourcecode.swift; path = TestViewController.swift; sourceTree = "<group>"; };
		76C9182D1CE5C723001173B0 /* VOne.app */ = {isa = PBXFileReference; explicitFileType = wrapper.application; includeInIndex = 0; path = VOne.app; sourceTree = BUILT_PRODUCTS_DIR; };
		76C918301CE5C723001173B0 /* AppDelegate.swift */ = {isa = PBXFileReference; lastKnownFileType = sourcecode.swift; path = AppDelegate.swift; sourceTree = "<group>"; };
		76C918371CE5C723001173B0 /* Assets.xcassets */ = {isa = PBXFileReference; lastKnownFileType = folder.assetcatalog; path = Assets.xcassets; sourceTree = "<group>"; };
		76C9183A1CE5C723001173B0 /* Base */ = {isa = PBXFileReference; lastKnownFileType = file.storyboard; name = Base; path = Base.lproj/LaunchScreen.storyboard; sourceTree = "<group>"; };
		76C9183C1CE5C723001173B0 /* Info.plist */ = {isa = PBXFileReference; lastKnownFileType = text.plist.xml; path = Info.plist; sourceTree = "<group>"; };
		76C918411CE5C723001173B0 /* VOneTests.xctest */ = {isa = PBXFileReference; explicitFileType = wrapper.cfbundle; includeInIndex = 0; path = VOneTests.xctest; sourceTree = BUILT_PRODUCTS_DIR; };
		76C918451CE5C723001173B0 /* VOneTests.swift */ = {isa = PBXFileReference; lastKnownFileType = sourcecode.swift; path = VOneTests.swift; sourceTree = "<group>"; };
		76C918471CE5C723001173B0 /* Info.plist */ = {isa = PBXFileReference; lastKnownFileType = text.plist.xml; path = Info.plist; sourceTree = "<group>"; };
		76C9184C1CE5C723001173B0 /* VOneUITests.xctest */ = {isa = PBXFileReference; explicitFileType = wrapper.cfbundle; includeInIndex = 0; path = VOneUITests.xctest; sourceTree = BUILT_PRODUCTS_DIR; };
		76C918501CE5C723001173B0 /* VOneUITests.swift */ = {isa = PBXFileReference; lastKnownFileType = sourcecode.swift; path = VOneUITests.swift; sourceTree = "<group>"; };
		76C918521CE5C723001173B0 /* Info.plist */ = {isa = PBXFileReference; lastKnownFileType = text.plist.xml; path = Info.plist; sourceTree = "<group>"; };
		E03BAD9C84D18F10AFF5A7CC /* Pods-VOne.release.xcconfig */ = {isa = PBXFileReference; includeInIndex = 1; lastKnownFileType = text.xcconfig; name = "Pods-VOne.release.xcconfig"; path = "Pods/Target Support Files/Pods-VOne/Pods-VOne.release.xcconfig"; sourceTree = "<group>"; };
/* End PBXFileReference section */

/* Begin PBXFrameworksBuildPhase section */
		76C9182A1CE5C723001173B0 /* Frameworks */ = {
			isa = PBXFrameworksBuildPhase;
			buildActionMask = 2147483647;
			files = (
				D984972FB34E03ED0C2C9AD7 /* Pods_VOne.framework in Frameworks */,
			);
			runOnlyForDeploymentPostprocessing = 0;
		};
		76C9183E1CE5C723001173B0 /* Frameworks */ = {
			isa = PBXFrameworksBuildPhase;
			buildActionMask = 2147483647;
			files = (
			);
			runOnlyForDeploymentPostprocessing = 0;
		};
		76C918491CE5C723001173B0 /* Frameworks */ = {
			isa = PBXFrameworksBuildPhase;
			buildActionMask = 2147483647;
			files = (
			);
			runOnlyForDeploymentPostprocessing = 0;
		};
/* End PBXFrameworksBuildPhase section */

/* Begin PBXGroup section */
		28A6332A962E55B2F5F76AEE /* Pods */ = {
			isa = PBXGroup;
			children = (
				2984149B5E721C407EB266B4 /* Pods-VOne.debug.xcconfig */,
				E03BAD9C84D18F10AFF5A7CC /* Pods-VOne.release.xcconfig */,
			);
			name = Pods;
			sourceTree = "<group>";
		};
		290402D6416C065817332B14 /* Frameworks */ = {
			isa = PBXGroup;
			children = (
				625BBFFB24247070C3FD70DD /* Pods_VOne.framework */,
			);
			name = Frameworks;
			sourceTree = "<group>";
		};
		76C918241CE5C723001173B0 = {
			isa = PBXGroup;
			children = (
				76C9182F1CE5C723001173B0 /* VOne */,
				76C918441CE5C723001173B0 /* VOneTests */,
				76C9184F1CE5C723001173B0 /* VOneUITests */,
				76C9182E1CE5C723001173B0 /* Products */,
				28A6332A962E55B2F5F76AEE /* Pods */,
				290402D6416C065817332B14 /* Frameworks */,
			);
			sourceTree = "<group>";
		};
		76C9182E1CE5C723001173B0 /* Products */ = {
			isa = PBXGroup;
			children = (
				76C9182D1CE5C723001173B0 /* VOne.app */,
				76C918411CE5C723001173B0 /* VOneTests.xctest */,
				76C9184C1CE5C723001173B0 /* VOneUITests.xctest */,
			);
			name = Products;
			sourceTree = "<group>";
		};
		76C9182F1CE5C723001173B0 /* VOne */ = {
			isa = PBXGroup;
			children = (
				76C918301CE5C723001173B0 /* AppDelegate.swift */,
				76BFE23B1CEB4078006438FB /* TestViewController.swift */,
				76C918371CE5C723001173B0 /* Assets.xcassets */,
				76C918391CE5C723001173B0 /* LaunchScreen.storyboard */,
				76C9183C1CE5C723001173B0 /* Info.plist */,
			);
			path = VOne;
			sourceTree = "<group>";
		};
		76C918441CE5C723001173B0 /* VOneTests */ = {
			isa = PBXGroup;
			children = (
				76C918451CE5C723001173B0 /* VOneTests.swift */,
				76C918471CE5C723001173B0 /* Info.plist */,
			);
			path = VOneTests;
			sourceTree = "<group>";
		};
		76C9184F1CE5C723001173B0 /* VOneUITests */ = {
			isa = PBXGroup;
			children = (
				76C918501CE5C723001173B0 /* VOneUITests.swift */,
				76C918521CE5C723001173B0 /* Info.plist */,
			);
			path = VOneUITests;
			sourceTree = "<group>";
		};
/* End PBXGroup section */

/* Begin PBXNativeTarget section */
		76C9182C1CE5C723001173B0 /* VOne */ = {
			isa = PBXNativeTarget;
			buildConfigurationList = 76C918551CE5C723001173B0 /* Build configuration list for PBXNativeTarget "VOne" */;
			buildPhases = (
				560C175DA6352A6C0F96F7FC /* 📦 Check Pods Manifest.lock */,
				76C918291CE5C723001173B0 /* Sources */,
				76C9182A1CE5C723001173B0 /* Frameworks */,
				76C9182B1CE5C723001173B0 /* Resources */,
				40CAE3669FAE45F0F784D0D9 /* 📦 Embed Pods Frameworks */,
				AA9BB6953ECB8249A967EAFB /* 📦 Copy Pods Resources */,
			);
			buildRules = (
			);
			dependencies = (
			);
			name = VOne;
			productName = VOne;
			productReference = 76C9182D1CE5C723001173B0 /* VOne.app */;
			productType = "com.apple.product-type.application";
		};
		76C918401CE5C723001173B0 /* VOneTests */ = {
			isa = PBXNativeTarget;
			buildConfigurationList = 76C918581CE5C723001173B0 /* Build configuration list for PBXNativeTarget "VOneTests" */;
			buildPhases = (
				76C9183D1CE5C723001173B0 /* Sources */,
				76C9183E1CE5C723001173B0 /* Frameworks */,
				76C9183F1CE5C723001173B0 /* Resources */,
			);
			buildRules = (
			);
			dependencies = (
				76C918431CE5C723001173B0 /* PBXTargetDependency */,
			);
			name = VOneTests;
			productName = VOneTests;
			productReference = 76C918411CE5C723001173B0 /* VOneTests.xctest */;
			productType = "com.apple.product-type.bundle.unit-test";
		};
		76C9184B1CE5C723001173B0 /* VOneUITests */ = {
			isa = PBXNativeTarget;
			buildConfigurationList = 76C9185B1CE5C723001173B0 /* Build configuration list for PBXNativeTarget "VOneUITests" */;
			buildPhases = (
				76C918481CE5C723001173B0 /* Sources */,
				76C918491CE5C723001173B0 /* Frameworks */,
				76C9184A1CE5C723001173B0 /* Resources */,
			);
			buildRules = (
			);
			dependencies = (
				76C9184E1CE5C723001173B0 /* PBXTargetDependency */,
			);
			name = VOneUITests;
			productName = VOneUITests;
			productReference = 76C9184C1CE5C723001173B0 /* VOneUITests.xctest */;
			productType = "com.apple.product-type.bundle.ui-testing";
		};
/* End PBXNativeTarget section */

/* Begin PBXProject section */
		76C918251CE5C723001173B0 /* Project object */ = {
			isa = PBXProject;
			attributes = {
				LastSwiftUpdateCheck = 0730;
				LastUpgradeCheck = 0730;
				ORGANIZATIONNAME = "王正一";
				TargetAttributes = {
					76C9182C1CE5C723001173B0 = {
						CreatedOnToolsVersion = 7.3;
					};
					76C918401CE5C723001173B0 = {
						CreatedOnToolsVersion = 7.3;
						TestTargetID = 76C9182C1CE5C723001173B0;
					};
					76C9184B1CE5C723001173B0 = {
						CreatedOnToolsVersion = 7.3;
						TestTargetID = 76C9182C1CE5C723001173B0;
					};
				};
			};
			buildConfigurationList = 76C918281CE5C723001173B0 /* Build configuration list for PBXProject "VOne" */;
			compatibilityVersion = "Xcode 3.2";
			developmentRegion = English;
			hasScannedForEncodings = 0;
			knownRegions = (
				en,
				Base,
			);
			mainGroup = 76C918241CE5C723001173B0;
			productRefGroup = 76C9182E1CE5C723001173B0 /* Products */;
			projectDirPath = "";
			projectRoot = "";
			targets = (
				76C9182C1CE5C723001173B0 /* VOne */,
				76C918401CE5C723001173B0 /* VOneTests */,
				76C9184B1CE5C723001173B0 /* VOneUITests */,
			);
		};
/* End PBXProject section */

/* Begin PBXResourcesBuildPhase section */
		76C9182B1CE5C723001173B0 /* Resources */ = {
			isa = PBXResourcesBuildPhase;
			buildActionMask = 2147483647;
			files = (
				76C9183B1CE5C723001173B0 /* LaunchScreen.storyboard in Resources */,
				76C918381CE5C723001173B0 /* Assets.xcassets in Resources */,
			);
			runOnlyForDeploymentPostprocessing = 0;
		};
		76C9183F1CE5C723001173B0 /* Resources */ = {
			isa = PBXResourcesBuildPhase;
			buildActionMask = 2147483647;
			files = (
			);
			runOnlyForDeploymentPostprocessing = 0;
		};
		76C9184A1CE5C723001173B0 /* Resources */ = {
			isa = PBXResourcesBuildPhase;
			buildActionMask = 2147483647;
			files = (
			);
			runOnlyForDeploymentPostprocessing = 0;
		};
/* End PBXResourcesBuildPhase section */

/* Begin PBXShellScriptBuildPhase section */
		40CAE3669FAE45F0F784D0D9 /* 📦 Embed Pods Frameworks */ = {
			isa = PBXShellScriptBuildPhase;
			buildActionMask = 2147483647;
			files = (
			);
			inputPaths = (
			);
			name = "📦 Embed Pods Frameworks";
			outputPaths = (
			);
			runOnlyForDeploymentPostprocessing = 0;
			shellPath = /bin/sh;
			shellScript = "\"${SRCROOT}/Pods/Target Support Files/Pods-VOne/Pods-VOne-frameworks.sh\"\n";
			showEnvVarsInLog = 0;
		};
		560C175DA6352A6C0F96F7FC /* 📦 Check Pods Manifest.lock */ = {
			isa = PBXShellScriptBuildPhase;
			buildActionMask = 2147483647;
			files = (
			);
			inputPaths = (
			);
			name = "📦 Check Pods Manifest.lock";
			outputPaths = (
			);
			runOnlyForDeploymentPostprocessing = 0;
			shellPath = /bin/sh;
			shellScript = "diff \"${PODS_ROOT}/../Podfile.lock\" \"${PODS_ROOT}/Manifest.lock\" > /dev/null\nif [[ $? != 0 ]] ; then\n    cat << EOM\nerror: The sandbox is not in sync with the Podfile.lock. Run 'pod install' or update your CocoaPods installation.\nEOM\n    exit 1\nfi\n";
			showEnvVarsInLog = 0;
		};
		AA9BB6953ECB8249A967EAFB /* 📦 Copy Pods Resources */ = {
			isa = PBXShellScriptBuildPhase;
			buildActionMask = 2147483647;
			files = (
			);
			inputPaths = (
			);
			name = "📦 Copy Pods Resources";
			outputPaths = (
			);
			runOnlyForDeploymentPostprocessing = 0;
			shellPath = /bin/sh;
			shellScript = "\"${SRCROOT}/Pods/Target Support Files/Pods-VOne/Pods-VOne-resources.sh\"\n";
			showEnvVarsInLog = 0;
		};
/* End PBXShellScriptBuildPhase section */

/* Begin PBXSourcesBuildPhase section */
		76C918291CE5C723001173B0 /* Sources */ = {
			isa = PBXSourcesBuildPhase;
			buildActionMask = 2147483647;
			files = (
				76BFE23C1CEB4078006438FB /* TestViewController.swift in Sources */,
				76C918311CE5C723001173B0 /* AppDelegate.swift in Sources */,
			);
			runOnlyForDeploymentPostprocessing = 0;
		};
		76C9183D1CE5C723001173B0 /* Sources */ = {
			isa = PBXSourcesBuildPhase;
			buildActionMask = 2147483647;
			files = (
				76C918461CE5C723001173B0 /* VOneTests.swift in Sources */,
			);
			runOnlyForDeploymentPostprocessing = 0;
		};
		76C918481CE5C723001173B0 /* Sources */ = {
			isa = PBXSourcesBuildPhase;
			buildActionMask = 2147483647;
			files = (
				76C918511CE5C723001173B0 /* VOneUITests.swift in Sources */,
			);
			runOnlyForDeploymentPostprocessing = 0;
		};
/* End PBXSourcesBuildPhase section */

/* Begin PBXTargetDependency section */
		76C918431CE5C723001173B0 /* PBXTargetDependency */ = {
			isa = PBXTargetDependency;
			target = 76C9182C1CE5C723001173B0 /* VOne */;
			targetProxy = 76C918421CE5C723001173B0 /* PBXContainerItemProxy */;
		};
		76C9184E1CE5C723001173B0 /* PBXTargetDependency */ = {
			isa = PBXTargetDependency;
			target = 76C9182C1CE5C723001173B0 /* VOne */;
			targetProxy = 76C9184D1CE5C723001173B0 /* PBXContainerItemProxy */;
		};
/* End PBXTargetDependency section */

/* Begin PBXVariantGroup section */
		76C918391CE5C723001173B0 /* LaunchScreen.storyboard */ = {
			isa = PBXVariantGroup;
			children = (
				76C9183A1CE5C723001173B0 /* Base */,
			);
			name = LaunchScreen.storyboard;
			sourceTree = "<group>";
		};
/* End PBXVariantGroup section */

/* Begin XCBuildConfiguration section */
		76C918531CE5C723001173B0 /* Debug */ = {
			isa = XCBuildConfiguration;
			buildSettings = {
				ALWAYS_SEARCH_USER_PATHS = NO;
				CLANG_ANALYZER_NONNULL = YES;
				CLANG_CXX_LANGUAGE_STANDARD = "gnu++0x";
				CLANG_CXX_LIBRARY = "libc++";
				CLANG_ENABLE_MODULES = YES;
				CLANG_ENABLE_OBJC_ARC = YES;
				CLANG_WARN_BOOL_CONVERSION = YES;
				CLANG_WARN_CONSTANT_CONVERSION = YES;
				CLANG_WARN_DIRECT_OBJC_ISA_USAGE = YES_ERROR;
				CLANG_WARN_EMPTY_BODY = YES;
				CLANG_WARN_ENUM_CONVERSION = YES;
				CLANG_WARN_INT_CONVERSION = YES;
				CLANG_WARN_OBJC_ROOT_CLASS = YES_ERROR;
				CLANG_WARN_UNREACHABLE_CODE = YES;
				CLANG_WARN__DUPLICATE_METHOD_MATCH = YES;
				"CODE_SIGN_IDENTITY[sdk=iphoneos*]" = "iPhone Developer";
				COPY_PHASE_STRIP = NO;
				DEBUG_INFORMATION_FORMAT = dwarf;
				ENABLE_STRICT_OBJC_MSGSEND = YES;
				ENABLE_TESTABILITY = YES;
				GCC_C_LANGUAGE_STANDARD = gnu99;
				GCC_DYNAMIC_NO_PIC = NO;
				GCC_NO_COMMON_BLOCKS = YES;
				GCC_OPTIMIZATION_LEVEL = 0;
				GCC_PREPROCESSOR_DEFINITIONS = (
					"DEBUG=1",
					"$(inherited)",
				);
				GCC_WARN_64_TO_32_BIT_CONVERSION = YES;
				GCC_WARN_ABOUT_RETURN_TYPE = YES_ERROR;
				GCC_WARN_UNDECLARED_SELECTOR = YES;
				GCC_WARN_UNINITIALIZED_AUTOS = YES_AGGRESSIVE;
				GCC_WARN_UNUSED_FUNCTION = YES;
				GCC_WARN_UNUSED_VARIABLE = YES;
				IPHONEOS_DEPLOYMENT_TARGET = 9.3;
				MTL_ENABLE_DEBUG_INFO = YES;
				ONLY_ACTIVE_ARCH = YES;
				SDKROOT = iphoneos;
				SWIFT_OPTIMIZATION_LEVEL = "-Onone";
			};
			name = Debug;
		};
		76C918541CE5C723001173B0 /* Release */ = {
			isa = XCBuildConfiguration;
			buildSettings = {
				ALWAYS_SEARCH_USER_PATHS = NO;
				CLANG_ANALYZER_NONNULL = YES;
				CLANG_CXX_LANGUAGE_STANDARD = "gnu++0x";
				CLANG_CXX_LIBRARY = "libc++";
				CLANG_ENABLE_MODULES = YES;
				CLANG_ENABLE_OBJC_ARC = YES;
				CLANG_WARN_BOOL_CONVERSION = YES;
				CLANG_WARN_CONSTANT_CONVERSION = YES;
				CLANG_WARN_DIRECT_OBJC_ISA_USAGE = YES_ERROR;
				CLANG_WARN_EMPTY_BODY = YES;
				CLANG_WARN_ENUM_CONVERSION = YES;
				CLANG_WARN_INT_CONVERSION = YES;
				CLANG_WARN_OBJC_ROOT_CLASS = YES_ERROR;
				CLANG_WARN_UNREACHABLE_CODE = YES;
				CLANG_WARN__DUPLICATE_METHOD_MATCH = YES;
				"CODE_SIGN_IDENTITY[sdk=iphoneos*]" = "iPhone Developer";
				COPY_PHASE_STRIP = NO;
				DEBUG_INFORMATION_FORMAT = "dwarf-with-dsym";
				ENABLE_NS_ASSERTIONS = NO;
				ENABLE_STRICT_OBJC_MSGSEND = YES;
				GCC_C_LANGUAGE_STANDARD = gnu99;
				GCC_NO_COMMON_BLOCKS = YES;
				GCC_WARN_64_TO_32_BIT_CONVERSION = YES;
				GCC_WARN_ABOUT_RETURN_TYPE = YES_ERROR;
				GCC_WARN_UNDECLARED_SELECTOR = YES;
				GCC_WARN_UNINITIALIZED_AUTOS = YES_AGGRESSIVE;
				GCC_WARN_UNUSED_FUNCTION = YES;
				GCC_WARN_UNUSED_VARIABLE = YES;
				IPHONEOS_DEPLOYMENT_TARGET = 9.3;
				MTL_ENABLE_DEBUG_INFO = NO;
				SDKROOT = iphoneos;
				VALIDATE_PRODUCT = YES;
			};
			name = Release;
		};
		76C918561CE5C723001173B0 /* Debug */ = {
			isa = XCBuildConfiguration;
			baseConfigurationReference = 2984149B5E721C407EB266B4 /* Pods-VOne.debug.xcconfig */;
			buildSettings = {
				ASSETCATALOG_COMPILER_APPICON_NAME = AppIcon;
				CLANG_ENABLE_MODULES = YES;
				INFOPLIST_FILE = VOne/Info.plist;
				LD_RUNPATH_SEARCH_PATHS = "$(inherited) @executable_path/Frameworks";
				PRODUCT_BUNDLE_IDENTIFIER = wzy.com.VOne;
				PRODUCT_NAME = "$(TARGET_NAME)";
				SWIFT_OBJC_BRIDGING_HEADER = "";
				SWIFT_OPTIMIZATION_LEVEL = "-Onone";
			};
			name = Debug;
		};
		76C918571CE5C723001173B0 /* Release */ = {
			isa = XCBuildConfiguration;
			baseConfigurationReference = E03BAD9C84D18F10AFF5A7CC /* Pods-VOne.release.xcconfig */;
			buildSettings = {
				ASSETCATALOG_COMPILER_APPICON_NAME = AppIcon;
				CLANG_ENABLE_MODULES = YES;
				INFOPLIST_FILE = VOne/Info.plist;
				LD_RUNPATH_SEARCH_PATHS = "$(inherited) @executable_path/Frameworks";
				PRODUCT_BUNDLE_IDENTIFIER = wzy.com.VOne;
				PRODUCT_NAME = "$(TARGET_NAME)";
				SWIFT_OBJC_BRIDGING_HEADER = "";
			};
			name = Release;
		};
		76C918591CE5C723001173B0 /* Debug */ = {
			isa = XCBuildConfiguration;
			buildSettings = {
				BUNDLE_LOADER = "$(TEST_HOST)";
				INFOPLIST_FILE = VOneTests/Info.plist;
				LD_RUNPATH_SEARCH_PATHS = "$(inherited) @executable_path/Frameworks @loader_path/Frameworks";
				PRODUCT_BUNDLE_IDENTIFIER = wzy.com.VOneTests;
				PRODUCT_NAME = "$(TARGET_NAME)";
				TEST_HOST = "$(BUILT_PRODUCTS_DIR)/VOne.app/VOne";
			};
			name = Debug;
		};
		76C9185A1CE5C723001173B0 /* Release */ = {
			isa = XCBuildConfiguration;
			buildSettings = {
				BUNDLE_LOADER = "$(TEST_HOST)";
				INFOPLIST_FILE = VOneTests/Info.plist;
				LD_RUNPATH_SEARCH_PATHS = "$(inherited) @executable_path/Frameworks @loader_path/Frameworks";
				PRODUCT_BUNDLE_IDENTIFIER = wzy.com.VOneTests;
				PRODUCT_NAME = "$(TARGET_NAME)";
				TEST_HOST = "$(BUILT_PRODUCTS_DIR)/VOne.app/VOne";
			};
			name = Release;
		};
		76C9185C1CE5C723001173B0 /* Debug */ = {
			isa = XCBuildConfiguration;
			buildSettings = {
				INFOPLIST_FILE = VOneUITests/Info.plist;
				LD_RUNPATH_SEARCH_PATHS = "$(inherited) @executable_path/Frameworks @loader_path/Frameworks";
				PRODUCT_BUNDLE_IDENTIFIER = wzy.com.VOneUITests;
				PRODUCT_NAME = "$(TARGET_NAME)";
				TEST_TARGET_NAME = VOne;
			};
			name = Debug;
		};
		76C9185D1CE5C723001173B0 /* Release */ = {
			isa = XCBuildConfiguration;
			buildSettings = {
				INFOPLIST_FILE = VOneUITests/Info.plist;
				LD_RUNPATH_SEARCH_PATHS = "$(inherited) @executable_path/Frameworks @loader_path/Frameworks";
				PRODUCT_BUNDLE_IDENTIFIER = wzy.com.VOneUITests;
				PRODUCT_NAME = "$(TARGET_NAME)";
				TEST_TARGET_NAME = VOne;
			};
			name = Release;
		};
/* End XCBuildConfiguration section */

/* Begin XCConfigurationList section */
		76C918281CE5C723001173B0 /* Build configuration list for PBXProject "VOne" */ = {
			isa = XCConfigurationList;
			buildConfigurations = (
				76C918531CE5C723001173B0 /* Debug */,
				76C918541CE5C723001173B0 /* Release */,
			);
			defaultConfigurationIsVisible = 0;
			defaultConfigurationName = Release;
		};
		76C918551CE5C723001173B0 /* Build configuration list for PBXNativeTarget "VOne" */ = {
			isa = XCConfigurationList;
			buildConfigurations = (
				76C918561CE5C723001173B0 /* Debug */,
				76C918571CE5C723001173B0 /* Release */,
			);
			defaultConfigurationIsVisible = 0;
			defaultConfigurationName = Release;
		};
		76C918581CE5C723001173B0 /* Build configuration list for PBXNativeTarget "VOneTests" */ = {
			isa = XCConfigurationList;
			buildConfigurations = (
				76C918591CE5C723001173B0 /* Debug */,
				76C9185A1CE5C723001173B0 /* Release */,
			);
			defaultConfigurationIsVisible = 0;
			defaultConfigurationName = Release;
		};
		76C9185B1CE5C723001173B0 /* Build configuration list for PBXNativeTarget "VOneUITests" */ = {
			isa = XCConfigurationList;
			buildConfigurations = (
				76C9185C1CE5C723001173B0 /* Debug */,
				76C9185D1CE5C723001173B0 /* Release */,
			);
			defaultConfigurationIsVisible = 0;
			defaultConfigurationName = Release;
		};
/* End XCConfigurationList section */
	};
	rootObject = 76C918251CE5C723001173B0 /* Project object */;
}
