// !$*UTF8*$!
{
	archiveVersion = 1;
	classes = {
	};
	objectVersion = 46;
	objects = {

/* Begin PBXBuildFile section */
		A643E39B1ECDBBDA970518AF /* Pods_VOne.framework in Frameworks */ = {isa = PBXBuildFile; fileRef = C04DCC38249BEBCD532B195E /* Pods_VOne.framework */; };
		F20F4A141DE53D44002F1DDF /* WelcomeBGM.mp4 in Resources */ = {isa = PBXBuildFile; fileRef = F20F4A131DE53D44002F1DDF /* WelcomeBGM.mp4 */; };
		F20F4A161DE56B93002F1DDF /* LoginViewController.swift in Sources */ = {isa = PBXBuildFile; fileRef = F20F4A151DE56B93002F1DDF /* LoginViewController.swift */; };
		F20F4A181DE56F42002F1DDF /* UIImage+Extension.swift in Sources */ = {isa = PBXBuildFile; fileRef = F20F4A171DE56F42002F1DDF /* UIImage+Extension.swift */; };
		F2B4FCC81DE535EE007414C3 /* AppDelegate.swift in Sources */ = {isa = PBXBuildFile; fileRef = F2B4FCB01DE535EE007414C3 /* AppDelegate.swift */; };
		F2B4FCC91DE535EE007414C3 /* FSBaseViewController.swift in Sources */ = {isa = PBXBuildFile; fileRef = F2B4FCB31DE535EE007414C3 /* FSBaseViewController.swift */; };
		F2B4FCCA1DE535EE007414C3 /* FSNavigationController.swift in Sources */ = {isa = PBXBuildFile; fileRef = F2B4FCB41DE535EE007414C3 /* FSNavigationController.swift */; };
		F2B4FCCB1DE535EE007414C3 /* SessionsViewController.swift in Sources */ = {isa = PBXBuildFile; fileRef = F2B4FCB71DE535EE007414C3 /* SessionsViewController.swift */; };
		F2B4FCCC1DE535EE007414C3 /* ContactViewController.swift in Sources */ = {isa = PBXBuildFile; fileRef = F2B4FCB91DE535EE007414C3 /* ContactViewController.swift */; };
		F2B4FCCD1DE535EE007414C3 /* MomentsViewController.swift in Sources */ = {isa = PBXBuildFile; fileRef = F2B4FCBB1DE535EE007414C3 /* MomentsViewController.swift */; };
		F2B4FCCE1DE535EE007414C3 /* FSMainViewController.swift in Sources */ = {isa = PBXBuildFile; fileRef = F2B4FCBD1DE535EE007414C3 /* FSMainViewController.swift */; };
		F2B4FCCF1DE535EE007414C3 /* WelcomeViewController.swift in Sources */ = {isa = PBXBuildFile; fileRef = F2B4FCBF1DE535EE007414C3 /* WelcomeViewController.swift */; };
		F2B4FCD01DE535EE007414C3 /* MineViewController.swift in Sources */ = {isa = PBXBuildFile; fileRef = F2B4FCC11DE535EE007414C3 /* MineViewController.swift */; };
		F2B4FCD11DE535EE007414C3 /* Bundle+Extension.swift in Sources */ = {isa = PBXBuildFile; fileRef = F2B4FCC51DE535EE007414C3 /* Bundle+Extension.swift */; };
		F2B4FCD21DE535EE007414C3 /* UIBarButtonItem+Extension.swift in Sources */ = {isa = PBXBuildFile; fileRef = F2B4FCC61DE535EE007414C3 /* UIBarButtonItem+Extension.swift */; };
		F2B4FCD31DE535EE007414C3 /* UIScreen+Extension.swift in Sources */ = {isa = PBXBuildFile; fileRef = F2B4FCC71DE535EE007414C3 /* UIScreen+Extension.swift */; };
		F2FD22D31D40B31C00EBDEF5 /* Assets.xcassets in Resources */ = {isa = PBXBuildFile; fileRef = F2FD22D21D40B31C00EBDEF5 /* Assets.xcassets */; };
/* End PBXBuildFile section */

/* Begin PBXContainerItemProxy section */
		F2C7D62E1D3E36EE00E0EDBD /* PBXContainerItemProxy */ = {
			isa = PBXContainerItemProxy;
			containerPortal = F2C7D6111D3E36EE00E0EDBD /* Project object */;
			proxyType = 1;
			remoteGlobalIDString = F2C7D6181D3E36EE00E0EDBD;
			remoteInfo = VOne;
		};
		F2C7D6391D3E36EF00E0EDBD /* PBXContainerItemProxy */ = {
			isa = PBXContainerItemProxy;
			containerPortal = F2C7D6111D3E36EE00E0EDBD /* Project object */;
			proxyType = 1;
			remoteGlobalIDString = F2C7D6181D3E36EE00E0EDBD;
			remoteInfo = VOne;
		};
/* End PBXContainerItemProxy section */

/* Begin PBXFileReference section */
		63499B18DDB562BD95F324BD /* Pods-VOne.release.xcconfig */ = {isa = PBXFileReference; includeInIndex = 1; lastKnownFileType = text.xcconfig; name = "Pods-VOne.release.xcconfig"; path = "Pods/Target Support Files/Pods-VOne/Pods-VOne.release.xcconfig"; sourceTree = "<group>"; };
		83101343B85F0BB2D09ED320 /* Pods_VOneUITests.framework */ = {isa = PBXFileReference; explicitFileType = wrapper.framework; includeInIndex = 0; path = Pods_VOneUITests.framework; sourceTree = BUILT_PRODUCTS_DIR; };
		8666EB9437C2612836E9CE4D /* Pods_VOneTests.framework */ = {isa = PBXFileReference; explicitFileType = wrapper.framework; includeInIndex = 0; path = Pods_VOneTests.framework; sourceTree = BUILT_PRODUCTS_DIR; };
		C04DCC38249BEBCD532B195E /* Pods_VOne.framework */ = {isa = PBXFileReference; explicitFileType = wrapper.framework; includeInIndex = 0; path = Pods_VOne.framework; sourceTree = BUILT_PRODUCTS_DIR; };
		D3829AFA1B95FF97541E39DD /* Pods-VOne.debug.xcconfig */ = {isa = PBXFileReference; includeInIndex = 1; lastKnownFileType = text.xcconfig; name = "Pods-VOne.debug.xcconfig"; path = "Pods/Target Support Files/Pods-VOne/Pods-VOne.debug.xcconfig"; sourceTree = "<group>"; };
		F20F4A131DE53D44002F1DDF /* WelcomeBGM.mp4 */ = {isa = PBXFileReference; lastKnownFileType = file; path = WelcomeBGM.mp4; sourceTree = "<group>"; };
		F20F4A151DE56B93002F1DDF /* LoginViewController.swift */ = {isa = PBXFileReference; fileEncoding = 4; lastKnownFileType = sourcecode.swift; path = LoginViewController.swift; sourceTree = "<group>"; };
		F20F4A171DE56F42002F1DDF /* UIImage+Extension.swift */ = {isa = PBXFileReference; fileEncoding = 4; lastKnownFileType = sourcecode.swift; path = "UIImage+Extension.swift"; sourceTree = "<group>"; };
		F2B4FCB01DE535EE007414C3 /* AppDelegate.swift */ = {isa = PBXFileReference; fileEncoding = 4; lastKnownFileType = sourcecode.swift; path = AppDelegate.swift; sourceTree = "<group>"; };
		F2B4FCB31DE535EE007414C3 /* FSBaseViewController.swift */ = {isa = PBXFileReference; fileEncoding = 4; lastKnownFileType = sourcecode.swift; path = FSBaseViewController.swift; sourceTree = "<group>"; };
		F2B4FCB41DE535EE007414C3 /* FSNavigationController.swift */ = {isa = PBXFileReference; fileEncoding = 4; lastKnownFileType = sourcecode.swift; path = FSNavigationController.swift; sourceTree = "<group>"; };
		F2B4FCB71DE535EE007414C3 /* SessionsViewController.swift */ = {isa = PBXFileReference; fileEncoding = 4; lastKnownFileType = sourcecode.swift; path = SessionsViewController.swift; sourceTree = "<group>"; };
		F2B4FCB91DE535EE007414C3 /* ContactViewController.swift */ = {isa = PBXFileReference; fileEncoding = 4; lastKnownFileType = sourcecode.swift; path = ContactViewController.swift; sourceTree = "<group>"; };
		F2B4FCBB1DE535EE007414C3 /* MomentsViewController.swift */ = {isa = PBXFileReference; fileEncoding = 4; lastKnownFileType = sourcecode.swift; path = MomentsViewController.swift; sourceTree = "<group>"; };
		F2B4FCBD1DE535EE007414C3 /* FSMainViewController.swift */ = {isa = PBXFileReference; fileEncoding = 4; lastKnownFileType = sourcecode.swift; path = FSMainViewController.swift; sourceTree = "<group>"; };
		F2B4FCBF1DE535EE007414C3 /* WelcomeViewController.swift */ = {isa = PBXFileReference; fileEncoding = 4; lastKnownFileType = sourcecode.swift; path = WelcomeViewController.swift; sourceTree = "<group>"; };
		F2B4FCC11DE535EE007414C3 /* MineViewController.swift */ = {isa = PBXFileReference; fileEncoding = 4; lastKnownFileType = sourcecode.swift; path = MineViewController.swift; sourceTree = "<group>"; };
		F2B4FCC51DE535EE007414C3 /* Bundle+Extension.swift */ = {isa = PBXFileReference; fileEncoding = 4; lastKnownFileType = sourcecode.swift; path = "Bundle+Extension.swift"; sourceTree = "<group>"; };
		F2B4FCC61DE535EE007414C3 /* UIBarButtonItem+Extension.swift */ = {isa = PBXFileReference; fileEncoding = 4; lastKnownFileType = sourcecode.swift; path = "UIBarButtonItem+Extension.swift"; sourceTree = "<group>"; };
		F2B4FCC71DE535EE007414C3 /* UIScreen+Extension.swift */ = {isa = PBXFileReference; fileEncoding = 4; lastKnownFileType = sourcecode.swift; path = "UIScreen+Extension.swift"; sourceTree = "<group>"; };
		F2C7D6191D3E36EE00E0EDBD /* VOne.app */ = {isa = PBXFileReference; explicitFileType = wrapper.application; includeInIndex = 0; path = VOne.app; sourceTree = BUILT_PRODUCTS_DIR; };
		F2C7D6281D3E36EE00E0EDBD /* Info.plist */ = {isa = PBXFileReference; lastKnownFileType = text.plist.xml; path = Info.plist; sourceTree = "<group>"; };
		F2C7D62D1D3E36EE00E0EDBD /* VOneTests.xctest */ = {isa = PBXFileReference; explicitFileType = wrapper.cfbundle; includeInIndex = 0; path = VOneTests.xctest; sourceTree = BUILT_PRODUCTS_DIR; };
		F2C7D6381D3E36EF00E0EDBD /* VOneUITests.xctest */ = {isa = PBXFileReference; explicitFileType = wrapper.cfbundle; includeInIndex = 0; path = VOneUITests.xctest; sourceTree = BUILT_PRODUCTS_DIR; };
		F2FD22D21D40B31C00EBDEF5 /* Assets.xcassets */ = {isa = PBXFileReference; lastKnownFileType = folder.assetcatalog; path = Assets.xcassets; sourceTree = "<group>"; };
/* End PBXFileReference section */

/* Begin PBXFrameworksBuildPhase section */
		F2C7D6161D3E36EE00E0EDBD /* Frameworks */ = {
			isa = PBXFrameworksBuildPhase;
			buildActionMask = 2147483647;
			files = (
				A643E39B1ECDBBDA970518AF /* Pods_VOne.framework in Frameworks */,
			);
			runOnlyForDeploymentPostprocessing = 0;
		};
		F2C7D62A1D3E36EE00E0EDBD /* Frameworks */ = {
			isa = PBXFrameworksBuildPhase;
			buildActionMask = 2147483647;
			files = (
			);
			runOnlyForDeploymentPostprocessing = 0;
		};
		F2C7D6351D3E36EF00E0EDBD /* Frameworks */ = {
			isa = PBXFrameworksBuildPhase;
			buildActionMask = 2147483647;
			files = (
			);
			runOnlyForDeploymentPostprocessing = 0;
		};
/* End PBXFrameworksBuildPhase section */

/* Begin PBXGroup section */
		095C560BE7DEB3E2C1D5EF03 /* Pods */ = {
			isa = PBXGroup;
			children = (
				D3829AFA1B95FF97541E39DD /* Pods-VOne.debug.xcconfig */,
				63499B18DDB562BD95F324BD /* Pods-VOne.release.xcconfig */,
			);
			name = Pods;
			sourceTree = "<group>";
		};
		7BCCD3B17273A081A24B2515 /* Frameworks */ = {
			isa = PBXGroup;
			children = (
				C04DCC38249BEBCD532B195E /* Pods_VOne.framework */,
				8666EB9437C2612836E9CE4D /* Pods_VOneTests.framework */,
				83101343B85F0BB2D09ED320 /* Pods_VOneUITests.framework */,
			);
			name = Frameworks;
			sourceTree = "<group>";
		};
		F20F4A121DE53D44002F1DDF /* Resources */ = {
			isa = PBXGroup;
			children = (
				F20F4A131DE53D44002F1DDF /* WelcomeBGM.mp4 */,
			);
			path = Resources;
			sourceTree = "<group>";
		};
		F2B4FCB11DE535EE007414C3 /* Classes */ = {
			isa = PBXGroup;
			children = (
				F2B4FCB21DE535EE007414C3 /* BaseViewController */,
				F2B4FCB51DE535EE007414C3 /* Controller */,
				F2B4FCC31DE535EE007414C3 /* Tools */,
			);
			path = Classes;
			sourceTree = "<group>";
		};
		F2B4FCB21DE535EE007414C3 /* BaseViewController */ = {
			isa = PBXGroup;
			children = (
				F2B4FCB31DE535EE007414C3 /* FSBaseViewController.swift */,
				F2B4FCB41DE535EE007414C3 /* FSNavigationController.swift */,
			);
			path = BaseViewController;
			sourceTree = "<group>";
		};
		F2B4FCB51DE535EE007414C3 /* Controller */ = {
			isa = PBXGroup;
			children = (
				F2B4FCBC1DE535EE007414C3 /* Main */,
				F2B4FCB61DE535EE007414C3 /* Chat */,
				F2B4FCB81DE535EE007414C3 /* Contact */,
				F2B4FCC01DE535EE007414C3 /* Mine */,
				F2B4FCC21DE535EE007414C3 /* Moments */,
			);
			path = Controller;
			sourceTree = "<group>";
		};
		F2B4FCB61DE535EE007414C3 /* Chat */ = {
			isa = PBXGroup;
			children = (
				F2B4FCB71DE535EE007414C3 /* SessionsViewController.swift */,
			);
			path = Chat;
			sourceTree = "<group>";
		};
		F2B4FCB81DE535EE007414C3 /* Contact */ = {
			isa = PBXGroup;
			children = (
				F2B4FCB91DE535EE007414C3 /* ContactViewController.swift */,
				F2B4FCBA1DE535EE007414C3 /* Moments */,
			);
			path = Contact;
			sourceTree = "<group>";
		};
		F2B4FCBA1DE535EE007414C3 /* Moments */ = {
			isa = PBXGroup;
			children = (
				F2B4FCBB1DE535EE007414C3 /* MomentsViewController.swift */,
			);
			path = Moments;
			sourceTree = "<group>";
		};
		F2B4FCBC1DE535EE007414C3 /* Main */ = {
			isa = PBXGroup;
			children = (
				F2B4FCBD1DE535EE007414C3 /* FSMainViewController.swift */,
				F2B4FCBE1DE535EE007414C3 /* LoginAndRegist */,
			);
			path = Main;
			sourceTree = "<group>";
		};
		F2B4FCBE1DE535EE007414C3 /* LoginAndRegist */ = {
			isa = PBXGroup;
			children = (
				F2B4FCBF1DE535EE007414C3 /* WelcomeViewController.swift */,
				F20F4A151DE56B93002F1DDF /* LoginViewController.swift */,
			);
			path = LoginAndRegist;
			sourceTree = "<group>";
		};
		F2B4FCC01DE535EE007414C3 /* Mine */ = {
			isa = PBXGroup;
			children = (
				F2B4FCC11DE535EE007414C3 /* MineViewController.swift */,
			);
			path = Mine;
			sourceTree = "<group>";
		};
		F2B4FCC21DE535EE007414C3 /* Moments */ = {
			isa = PBXGroup;
			children = (
			);
			path = Moments;
			sourceTree = "<group>";
		};
		F2B4FCC31DE535EE007414C3 /* Tools */ = {
			isa = PBXGroup;
			children = (
				F2B4FCC41DE535EE007414C3 /* Extensions */,
			);
			path = Tools;
			sourceTree = "<group>";
		};
		F2B4FCC41DE535EE007414C3 /* Extensions */ = {
			isa = PBXGroup;
			children = (
				F20F4A171DE56F42002F1DDF /* UIImage+Extension.swift */,
				F2B4FCC51DE535EE007414C3 /* Bundle+Extension.swift */,
				F2B4FCC61DE535EE007414C3 /* UIBarButtonItem+Extension.swift */,
				F2B4FCC71DE535EE007414C3 /* UIScreen+Extension.swift */,
			);
			path = Extensions;
			sourceTree = "<group>";
		};
		F2C7D6101D3E36EE00E0EDBD = {
			isa = PBXGroup;
			children = (
				F2C7D61B1D3E36EE00E0EDBD /* VOne */,
				F2C7D61A1D3E36EE00E0EDBD /* Products */,
				095C560BE7DEB3E2C1D5EF03 /* Pods */,
				7BCCD3B17273A081A24B2515 /* Frameworks */,
			);
			sourceTree = "<group>";
		};
		F2C7D61A1D3E36EE00E0EDBD /* Products */ = {
			isa = PBXGroup;
			children = (
				F2C7D6191D3E36EE00E0EDBD /* VOne.app */,
				F2C7D62D1D3E36EE00E0EDBD /* VOneTests.xctest */,
				F2C7D6381D3E36EF00E0EDBD /* VOneUITests.xctest */,
			);
			name = Products;
			sourceTree = "<group>";
		};
		F2C7D61B1D3E36EE00E0EDBD /* VOne */ = {
			isa = PBXGroup;
			children = (
				F2B4FCB01DE535EE007414C3 /* AppDelegate.swift */,
				F2B4FCB11DE535EE007414C3 /* Classes */,
				F20F4A121DE53D44002F1DDF /* Resources */,
				F2FD22D21D40B31C00EBDEF5 /* Assets.xcassets */,
				F2C7D6281D3E36EE00E0EDBD /* Info.plist */,
			);
			path = VOne;
			sourceTree = "<group>";
		};
/* End PBXGroup section */

/* Begin PBXNativeTarget section */
		F2C7D6181D3E36EE00E0EDBD /* VOne */ = {
			isa = PBXNativeTarget;
			buildConfigurationList = F2C7D6411D3E36EF00E0EDBD /* Build configuration list for PBXNativeTarget "VOne" */;
			buildPhases = (
				1B59E7C24915AC452E971B93 /* [CP] Check Pods Manifest.lock */,
				F2C7D6151D3E36EE00E0EDBD /* Sources */,
				F2C7D6161D3E36EE00E0EDBD /* Frameworks */,
				F2C7D6171D3E36EE00E0EDBD /* Resources */,
				72EC94249E045BB9A0798E2C /* [CP] Embed Pods Frameworks */,
				98EBA0DFB512EA8515EEA04D /* [CP] Copy Pods Resources */,
			);
			buildRules = (
			);
			dependencies = (
			);
			name = VOne;
			productName = VOne;
			productReference = F2C7D6191D3E36EE00E0EDBD /* VOne.app */;
			productType = "com.apple.product-type.application";
		};
		F2C7D62C1D3E36EE00E0EDBD /* VOneTests */ = {
			isa = PBXNativeTarget;
			buildConfigurationList = F2C7D6441D3E36EF00E0EDBD /* Build configuration list for PBXNativeTarget "VOneTests" */;
			buildPhases = (
				F2C7D6291D3E36EE00E0EDBD /* Sources */,
				F2C7D62A1D3E36EE00E0EDBD /* Frameworks */,
				F2C7D62B1D3E36EE00E0EDBD /* Resources */,
			);
			buildRules = (
			);
			dependencies = (
				F2C7D62F1D3E36EE00E0EDBD /* PBXTargetDependency */,
			);
			name = VOneTests;
			productName = VOneTests;
			productReference = F2C7D62D1D3E36EE00E0EDBD /* VOneTests.xctest */;
			productType = "com.apple.product-type.bundle.unit-test";
		};
		F2C7D6371D3E36EF00E0EDBD /* VOneUITests */ = {
			isa = PBXNativeTarget;
			buildConfigurationList = F2C7D6471D3E36EF00E0EDBD /* Build configuration list for PBXNativeTarget "VOneUITests" */;
			buildPhases = (
				F2C7D6341D3E36EF00E0EDBD /* Sources */,
				F2C7D6351D3E36EF00E0EDBD /* Frameworks */,
				F2C7D6361D3E36EF00E0EDBD /* Resources */,
			);
			buildRules = (
			);
			dependencies = (
				F2C7D63A1D3E36EF00E0EDBD /* PBXTargetDependency */,
			);
			name = VOneUITests;
			productName = VOneUITests;
			productReference = F2C7D6381D3E36EF00E0EDBD /* VOneUITests.xctest */;
			productType = "com.apple.product-type.bundle.ui-testing";
		};
/* End PBXNativeTarget section */

/* Begin PBXProject section */
		F2C7D6111D3E36EE00E0EDBD /* Project object */ = {
			isa = PBXProject;
			attributes = {
				LastSwiftUpdateCheck = 0800;
				LastUpgradeCheck = 0810;
				ORGANIZATIONNAME = FsThatOne;
				TargetAttributes = {
					F2C7D6181D3E36EE00E0EDBD = {
						CreatedOnToolsVersion = 8.0;
						DevelopmentTeam = 2ZD2CZ782K;
						DevelopmentTeamName = "Zhengyi Wang";
						LastSwiftMigration = 0810;
						ProvisioningStyle = Automatic;
					};
					F2C7D62C1D3E36EE00E0EDBD = {
						CreatedOnToolsVersion = 8.0;
						DevelopmentTeam = 2ZD2CZ782K;
						DevelopmentTeamName = "Zhengyi Wang";
						ProvisioningStyle = Automatic;
						TestTargetID = F2C7D6181D3E36EE00E0EDBD;
					};
					F2C7D6371D3E36EF00E0EDBD = {
						CreatedOnToolsVersion = 8.0;
						DevelopmentTeam = 2ZD2CZ782K;
						DevelopmentTeamName = "Zhengyi Wang";
						ProvisioningStyle = Automatic;
						TestTargetID = F2C7D6181D3E36EE00E0EDBD;
					};
				};
			};
			buildConfigurationList = F2C7D6141D3E36EE00E0EDBD /* Build configuration list for PBXProject "VOne" */;
			compatibilityVersion = "Xcode 3.2";
			developmentRegion = English;
			hasScannedForEncodings = 0;
			knownRegions = (
				en,
				Base,
			);
			mainGroup = F2C7D6101D3E36EE00E0EDBD;
			productRefGroup = F2C7D61A1D3E36EE00E0EDBD /* Products */;
			projectDirPath = "";
			projectRoot = "";
			targets = (
				F2C7D6181D3E36EE00E0EDBD /* VOne */,
				F2C7D62C1D3E36EE00E0EDBD /* VOneTests */,
				F2C7D6371D3E36EF00E0EDBD /* VOneUITests */,
			);
		};
/* End PBXProject section */

/* Begin PBXResourcesBuildPhase section */
		F2C7D6171D3E36EE00E0EDBD /* Resources */ = {
			isa = PBXResourcesBuildPhase;
			buildActionMask = 2147483647;
			files = (
				F2FD22D31D40B31C00EBDEF5 /* Assets.xcassets in Resources */,
				F20F4A141DE53D44002F1DDF /* WelcomeBGM.mp4 in Resources */,
			);
			runOnlyForDeploymentPostprocessing = 0;
		};
		F2C7D62B1D3E36EE00E0EDBD /* Resources */ = {
			isa = PBXResourcesBuildPhase;
			buildActionMask = 2147483647;
			files = (
			);
			runOnlyForDeploymentPostprocessing = 0;
		};
		F2C7D6361D3E36EF00E0EDBD /* Resources */ = {
			isa = PBXResourcesBuildPhase;
			buildActionMask = 2147483647;
			files = (
			);
			runOnlyForDeploymentPostprocessing = 0;
		};
/* End PBXResourcesBuildPhase section */

/* Begin PBXShellScriptBuildPhase section */
		1B59E7C24915AC452E971B93 /* [CP] Check Pods Manifest.lock */ = {
			isa = PBXShellScriptBuildPhase;
			buildActionMask = 2147483647;
			files = (
			);
			inputPaths = (
			);
			name = "[CP] Check Pods Manifest.lock";
			outputPaths = (
			);
			runOnlyForDeploymentPostprocessing = 0;
			shellPath = /bin/sh;
			shellScript = "diff \"${PODS_ROOT}/../Podfile.lock\" \"${PODS_ROOT}/Manifest.lock\" > /dev/null\nif [ $? != 0 ] ; then\n    # print error to STDERR\n    echo \"error: The sandbox is not in sync with the Podfile.lock. Run 'pod install' or update your CocoaPods installation.\" >&2\n    exit 1\nfi\n";
			showEnvVarsInLog = 0;
		};
		72EC94249E045BB9A0798E2C /* [CP] Embed Pods Frameworks */ = {
			isa = PBXShellScriptBuildPhase;
			buildActionMask = 2147483647;
			files = (
			);
			inputPaths = (
			);
			name = "[CP] Embed Pods Frameworks";
			outputPaths = (
			);
			runOnlyForDeploymentPostprocessing = 0;
			shellPath = /bin/sh;
			shellScript = "\"${SRCROOT}/Pods/Target Support Files/Pods-VOne/Pods-VOne-frameworks.sh\"\n";
			showEnvVarsInLog = 0;
		};
		98EBA0DFB512EA8515EEA04D /* [CP] Copy Pods Resources */ = {
			isa = PBXShellScriptBuildPhase;
			buildActionMask = 2147483647;
			files = (
			);
			inputPaths = (
			);
			name = "[CP] Copy Pods Resources";
			outputPaths = (
			);
			runOnlyForDeploymentPostprocessing = 0;
			shellPath = /bin/sh;
			shellScript = "\"${SRCROOT}/Pods/Target Support Files/Pods-VOne/Pods-VOne-resources.sh\"\n";
			showEnvVarsInLog = 0;
		};
/* End PBXShellScriptBuildPhase section */

/* Begin PBXSourcesBuildPhase section */
		F2C7D6151D3E36EE00E0EDBD /* Sources */ = {
			isa = PBXSourcesBuildPhase;
			buildActionMask = 2147483647;
			files = (
				F2B4FCC91DE535EE007414C3 /* FSBaseViewController.swift in Sources */,
				F20F4A181DE56F42002F1DDF /* UIImage+Extension.swift in Sources */,
				F2B4FCD11DE535EE007414C3 /* Bundle+Extension.swift in Sources */,
				F2B4FCCF1DE535EE007414C3 /* WelcomeViewController.swift in Sources */,
				F2B4FCD01DE535EE007414C3 /* MineViewController.swift in Sources */,
				F2B4FCCB1DE535EE007414C3 /* SessionsViewController.swift in Sources */,
				F2B4FCD31DE535EE007414C3 /* UIScreen+Extension.swift in Sources */,
				F2B4FCD21DE535EE007414C3 /* UIBarButtonItem+Extension.swift in Sources */,
				F2B4FCCD1DE535EE007414C3 /* MomentsViewController.swift in Sources */,
				F2B4FCC81DE535EE007414C3 /* AppDelegate.swift in Sources */,
				F2B4FCCA1DE535EE007414C3 /* FSNavigationController.swift in Sources */,
				F2B4FCCE1DE535EE007414C3 /* FSMainViewController.swift in Sources */,
				F20F4A161DE56B93002F1DDF /* LoginViewController.swift in Sources */,
				F2B4FCCC1DE535EE007414C3 /* ContactViewController.swift in Sources */,
			);
			runOnlyForDeploymentPostprocessing = 0;
		};
		F2C7D6291D3E36EE00E0EDBD /* Sources */ = {
			isa = PBXSourcesBuildPhase;
			buildActionMask = 2147483647;
			files = (
			);
			runOnlyForDeploymentPostprocessing = 0;
		};
		F2C7D6341D3E36EF00E0EDBD /* Sources */ = {
			isa = PBXSourcesBuildPhase;
			buildActionMask = 2147483647;
			files = (
			);
			runOnlyForDeploymentPostprocessing = 0;
		};
/* End PBXSourcesBuildPhase section */

/* Begin PBXTargetDependency section */
		F2C7D62F1D3E36EE00E0EDBD /* PBXTargetDependency */ = {
			isa = PBXTargetDependency;
			target = F2C7D6181D3E36EE00E0EDBD /* VOne */;
			targetProxy = F2C7D62E1D3E36EE00E0EDBD /* PBXContainerItemProxy */;
		};
		F2C7D63A1D3E36EF00E0EDBD /* PBXTargetDependency */ = {
			isa = PBXTargetDependency;
			target = F2C7D6181D3E36EE00E0EDBD /* VOne */;
			targetProxy = F2C7D6391D3E36EF00E0EDBD /* PBXContainerItemProxy */;
		};
/* End PBXTargetDependency section */

/* Begin XCBuildConfiguration section */
		F2C7D63F1D3E36EF00E0EDBD /* Debug */ = {
			isa = XCBuildConfiguration;
			buildSettings = {
				ALWAYS_SEARCH_USER_PATHS = NO;
				CLANG_ANALYZER_NONNULL = YES;
				CLANG_CXX_LANGUAGE_STANDARD = "gnu++0x";
				CLANG_CXX_LIBRARY = "libc++";
				CLANG_ENABLE_MODULES = YES;
				CLANG_ENABLE_OBJC_ARC = YES;
				CLANG_WARN_BOOL_CONVERSION = YES;
				CLANG_WARN_CONSTANT_CONVERSION = YES;
				CLANG_WARN_DIRECT_OBJC_ISA_USAGE = YES_ERROR;
				CLANG_WARN_DOCUMENTATION_COMMENTS = YES;
				CLANG_WARN_EMPTY_BODY = YES;
				CLANG_WARN_ENUM_CONVERSION = YES;
				CLANG_WARN_INFINITE_RECURSION = YES;
				CLANG_WARN_INT_CONVERSION = YES;
				CLANG_WARN_OBJC_ROOT_CLASS = YES_ERROR;
				CLANG_WARN_SUSPICIOUS_MOVE = YES;
				CLANG_WARN_UNREACHABLE_CODE = YES;
				CLANG_WARN__DUPLICATE_METHOD_MATCH = YES;
				"CODE_SIGN_IDENTITY[sdk=iphoneos*]" = "iPhone Developer";
				COPY_PHASE_STRIP = NO;
				DEBUG_INFORMATION_FORMAT = dwarf;
				ENABLE_STRICT_OBJC_MSGSEND = YES;
				ENABLE_TESTABILITY = YES;
				GCC_C_LANGUAGE_STANDARD = gnu99;
				GCC_DYNAMIC_NO_PIC = NO;
				GCC_NO_COMMON_BLOCKS = YES;
				GCC_OPTIMIZATION_LEVEL = 0;
				GCC_PREPROCESSOR_DEFINITIONS = (
					"DEBUG=1",
					"$(inherited)",
				);
				GCC_WARN_64_TO_32_BIT_CONVERSION = YES;
				GCC_WARN_ABOUT_RETURN_TYPE = YES_ERROR;
				GCC_WARN_UNDECLARED_SELECTOR = YES;
				GCC_WARN_UNINITIALIZED_AUTOS = YES_AGGRESSIVE;
				GCC_WARN_UNUSED_FUNCTION = YES;
				GCC_WARN_UNUSED_VARIABLE = YES;
				IPHONEOS_DEPLOYMENT_TARGET = 10.0;
				MTL_ENABLE_DEBUG_INFO = YES;
				ONLY_ACTIVE_ARCH = YES;
				SDKROOT = iphoneos;
				SWIFT_ACTIVE_COMPILATION_CONDITIONS = DEBUG;
				SWIFT_OPTIMIZATION_LEVEL = "-Onone";
			};
			name = Debug;
		};
		F2C7D6401D3E36EF00E0EDBD /* Release */ = {
			isa = XCBuildConfiguration;
			buildSettings = {
				ALWAYS_SEARCH_USER_PATHS = NO;
				CLANG_ANALYZER_NONNULL = YES;
				CLANG_CXX_LANGUAGE_STANDARD = "gnu++0x";
				CLANG_CXX_LIBRARY = "libc++";
				CLANG_ENABLE_MODULES = YES;
				CLANG_ENABLE_OBJC_ARC = YES;
				CLANG_WARN_BOOL_CONVERSION = YES;
				CLANG_WARN_CONSTANT_CONVERSION = YES;
				CLANG_WARN_DIRECT_OBJC_ISA_USAGE = YES_ERROR;
				CLANG_WARN_DOCUMENTATION_COMMENTS = YES;
				CLANG_WARN_EMPTY_BODY = YES;
				CLANG_WARN_ENUM_CONVERSION = YES;
				CLANG_WARN_INFINITE_RECURSION = YES;
				CLANG_WARN_INT_CONVERSION = YES;
				CLANG_WARN_OBJC_ROOT_CLASS = YES_ERROR;
				CLANG_WARN_SUSPICIOUS_MOVE = YES;
				CLANG_WARN_UNREACHABLE_CODE = YES;
				CLANG_WARN__DUPLICATE_METHOD_MATCH = YES;
				"CODE_SIGN_IDENTITY[sdk=iphoneos*]" = "iPhone Developer";
				COPY_PHASE_STRIP = NO;
				DEBUG_INFORMATION_FORMAT = "dwarf-with-dsym";
				ENABLE_NS_ASSERTIONS = NO;
				ENABLE_STRICT_OBJC_MSGSEND = YES;
				GCC_C_LANGUAGE_STANDARD = gnu99;
				GCC_NO_COMMON_BLOCKS = YES;
				GCC_WARN_64_TO_32_BIT_CONVERSION = YES;
				GCC_WARN_ABOUT_RETURN_TYPE = YES_ERROR;
				GCC_WARN_UNDECLARED_SELECTOR = YES;
				GCC_WARN_UNINITIALIZED_AUTOS = YES_AGGRESSIVE;
				GCC_WARN_UNUSED_FUNCTION = YES;
				GCC_WARN_UNUSED_VARIABLE = YES;
				IPHONEOS_DEPLOYMENT_TARGET = 10.0;
				MTL_ENABLE_DEBUG_INFO = NO;
				SDKROOT = iphoneos;
				SWIFT_OPTIMIZATION_LEVEL = "-Owholemodule";
				VALIDATE_PRODUCT = YES;
			};
			name = Release;
		};
		F2C7D6421D3E36EF00E0EDBD /* Debug */ = {
			isa = XCBuildConfiguration;
			baseConfigurationReference = D3829AFA1B95FF97541E39DD /* Pods-VOne.debug.xcconfig */;
			buildSettings = {
				ALWAYS_EMBED_SWIFT_STANDARD_LIBRARIES = YES;
				ASSETCATALOG_COMPILER_APPICON_NAME = AppIcon;
				ASSETCATALOG_COMPILER_LAUNCHIMAGE_NAME = LaunchImage;
				CLANG_ENABLE_MODULES = YES;
				INFOPLIST_FILE = VOne/Info.plist;
				IPHONEOS_DEPLOYMENT_TARGET = 9.3;
				LD_RUNPATH_SEARCH_PATHS = "$(inherited) @executable_path/Frameworks";
				PRODUCT_BUNDLE_IDENTIFIER = FsThatOne.VOne;
				PRODUCT_NAME = "$(TARGET_NAME)";
				PROVISIONING_PROFILE = "";
				SWIFT_OPTIMIZATION_LEVEL = "-Onone";
				SWIFT_VERSION = 3.0;
			};
			name = Debug;
		};
		F2C7D6431D3E36EF00E0EDBD /* Release */ = {
			isa = XCBuildConfiguration;
			baseConfigurationReference = 63499B18DDB562BD95F324BD /* Pods-VOne.release.xcconfig */;
			buildSettings = {
				ALWAYS_EMBED_SWIFT_STANDARD_LIBRARIES = YES;
				ASSETCATALOG_COMPILER_APPICON_NAME = AppIcon;
				ASSETCATALOG_COMPILER_LAUNCHIMAGE_NAME = LaunchImage;
				CLANG_ENABLE_MODULES = YES;
				INFOPLIST_FILE = VOne/Info.plist;
				IPHONEOS_DEPLOYMENT_TARGET = 9.3;
				LD_RUNPATH_SEARCH_PATHS = "$(inherited) @executable_path/Frameworks";
				PRODUCT_BUNDLE_IDENTIFIER = FsThatOne.VOne;
				PRODUCT_NAME = "$(TARGET_NAME)";
				PROVISIONING_PROFILE = "";
				SWIFT_VERSION = 3.0;
			};
			name = Release;
		};
		F2C7D6451D3E36EF00E0EDBD /* Debug */ = {
			isa = XCBuildConfiguration;
			buildSettings = {
				ALWAYS_EMBED_SWIFT_STANDARD_LIBRARIES = YES;
				BUNDLE_LOADER = "$(TEST_HOST)";
				INFOPLIST_FILE = VOneTests/Info.plist;
				LD_RUNPATH_SEARCH_PATHS = "$(inherited) @executable_path/Frameworks @loader_path/Frameworks";
				PRODUCT_BUNDLE_IDENTIFIER = FsThatOne.TestDemos.VOneTests;
				PRODUCT_NAME = "$(TARGET_NAME)";
				SWIFT_VERSION = 3.0;
				TEST_HOST = "$(BUILT_PRODUCTS_DIR)/VOne.app/VOne";
			};
			name = Debug;
		};
		F2C7D6461D3E36EF00E0EDBD /* Release */ = {
			isa = XCBuildConfiguration;
			buildSettings = {
				ALWAYS_EMBED_SWIFT_STANDARD_LIBRARIES = YES;
				BUNDLE_LOADER = "$(TEST_HOST)";
				INFOPLIST_FILE = VOneTests/Info.plist;
				LD_RUNPATH_SEARCH_PATHS = "$(inherited) @executable_path/Frameworks @loader_path/Frameworks";
				PRODUCT_BUNDLE_IDENTIFIER = FsThatOne.TestDemos.VOneTests;
				PRODUCT_NAME = "$(TARGET_NAME)";
				SWIFT_VERSION = 3.0;
				TEST_HOST = "$(BUILT_PRODUCTS_DIR)/VOne.app/VOne";
			};
			name = Release;
		};
		F2C7D6481D3E36EF00E0EDBD /* Debug */ = {
			isa = XCBuildConfiguration;
			buildSettings = {
				ALWAYS_EMBED_SWIFT_STANDARD_LIBRARIES = YES;
				INFOPLIST_FILE = VOneUITests/Info.plist;
				LD_RUNPATH_SEARCH_PATHS = "$(inherited) @executable_path/Frameworks @loader_path/Frameworks";
				PRODUCT_BUNDLE_IDENTIFIER = FsThatOne.TestDemos.VOneUITests;
				PRODUCT_NAME = "$(TARGET_NAME)";
				SWIFT_VERSION = 3.0;
				TEST_TARGET_NAME = VOne;
			};
			name = Debug;
		};
		F2C7D6491D3E36EF00E0EDBD /* Release */ = {
			isa = XCBuildConfiguration;
			buildSettings = {
				ALWAYS_EMBED_SWIFT_STANDARD_LIBRARIES = YES;
				INFOPLIST_FILE = VOneUITests/Info.plist;
				LD_RUNPATH_SEARCH_PATHS = "$(inherited) @executable_path/Frameworks @loader_path/Frameworks";
				PRODUCT_BUNDLE_IDENTIFIER = FsThatOne.TestDemos.VOneUITests;
				PRODUCT_NAME = "$(TARGET_NAME)";
				SWIFT_VERSION = 3.0;
				TEST_TARGET_NAME = VOne;
			};
			name = Release;
		};
/* End XCBuildConfiguration section */

/* Begin XCConfigurationList section */
		F2C7D6141D3E36EE00E0EDBD /* Build configuration list for PBXProject "VOne" */ = {
			isa = XCConfigurationList;
			buildConfigurations = (
				F2C7D63F1D3E36EF00E0EDBD /* Debug */,
				F2C7D6401D3E36EF00E0EDBD /* Release */,
			);
			defaultConfigurationIsVisible = 0;
			defaultConfigurationName = Release;
		};
		F2C7D6411D3E36EF00E0EDBD /* Build configuration list for PBXNativeTarget "VOne" */ = {
			isa = XCConfigurationList;
			buildConfigurations = (
				F2C7D6421D3E36EF00E0EDBD /* Debug */,
				F2C7D6431D3E36EF00E0EDBD /* Release */,
			);
			defaultConfigurationIsVisible = 0;
			defaultConfigurationName = Release;
		};
		F2C7D6441D3E36EF00E0EDBD /* Build configuration list for PBXNativeTarget "VOneTests" */ = {
			isa = XCConfigurationList;
			buildConfigurations = (
				F2C7D6451D3E36EF00E0EDBD /* Debug */,
				F2C7D6461D3E36EF00E0EDBD /* Release */,
			);
			defaultConfigurationIsVisible = 0;
			defaultConfigurationName = Release;
		};
		F2C7D6471D3E36EF00E0EDBD /* Build configuration list for PBXNativeTarget "VOneUITests" */ = {
			isa = XCConfigurationList;
			buildConfigurations = (
				F2C7D6481D3E36EF00E0EDBD /* Debug */,
				F2C7D6491D3E36EF00E0EDBD /* Release */,
			);
			defaultConfigurationIsVisible = 0;
			defaultConfigurationName = Release;
		};
/* End XCConfigurationList section */
	};
	rootObject = F2C7D6111D3E36EE00E0EDBD /* Project object */;
}
